
Microsoft Visual Studio Solution File, Format Version 12.00
# Visual Studio 15
Project("{FAE04EC0-301F-11D3-BF4B-00C04F79EFBC}") = "AppFinal.Android", "AppFinal.Android\AppFinal.Android.csproj", "{865AC5F1-CA01-40A9-B134-6877E0727B03}"
EndProject
Project("{FAE04EC0-301F-11D3-BF4B-00C04F79EFBC}") = "AppFinal.iOS", "AppFinal.iOS\AppFinal.iOS.csproj", "{63E59409-8350-48E0-B121-4E57E5417018}"
EndProject
Project("{FAE04EC0-301F-11D3-BF4B-00C04F79EFBC}") = "AppFinal", "AppFinal\AppFinal.csproj", "{76FF8EDA-78A2-4016-9E1B-A27560F3F91B}"
EndProject
Global
	GlobalSection(SolutionConfigurationPlatforms) = preSolution
		Debug|Any CPU = Debug|Any CPU
		Release|Any CPU = Release|Any CPU
		Debug|iPhoneSimulator = Debug|iPhoneSimulator
		Release|iPhoneSimulator = Release|iPhoneSimulator
		Debug|iPhone = Debug|iPhone
		Release|iPhone = Release|iPhone
	EndGlobalSection
	GlobalSection(ProjectConfigurationPlatforms) = postSolution
		{865AC5F1-CA01-40A9-B134-6877E0727B03}.Debug|Any CPU.ActiveCfg = Debug|Any CPU
		{865AC5F1-CA01-40A9-B134-6877E0727B03}.Debug|Any CPU.Build.0 = Debug|Any CPU
		{865AC5F1-CA01-40A9-B134-6877E0727B03}.Release|Any CPU.ActiveCfg = Release|Any CPU
		{865AC5F1-CA01-40A9-B134-6877E0727B03}.Release|Any CPU.Build.0 = Release|Any CPU
		{865AC5F1-CA01-40A9-B134-6877E0727B03}.Debug|iPhoneSimulator.ActiveCfg = Debug|Any CPU
		{865AC5F1-CA01-40A9-B134-6877E0727B03}.Debug|iPhoneSimulator.Build.0 = Debug|Any CPU
		{865AC5F1-CA01-40A9-B134-6877E0727B03}.Release|iPhoneSimulator.ActiveCfg = Release|Any CPU
		{865AC5F1-CA01-40A9-B134-6877E0727B03}.Release|iPhoneSimulator.Build.0 = Release|Any CPU
		{865AC5F1-CA01-40A9-B134-6877E0727B03}.Debug|iPhone.ActiveCfg = Debug|Any CPU
		{865AC5F1-CA01-40A9-B134-6877E0727B03}.Debug|iPhone.Build.0 = Debug|Any CPU
		{865AC5F1-CA01-40A9-B134-6877E0727B03}.Release|iPhone.ActiveCfg = Release|Any CPU
		{865AC5F1-CA01-40A9-B134-6877E0727B03}.Release|iPhone.Build.0 = Release|Any CPU
		{63E59409-8350-48E0-B121-4E57E5417018}.Debug|Any CPU.ActiveCfg = Debug|iPhoneSimulator
		{63E59409-8350-48E0-B121-4E57E5417018}.Debug|Any CPU.Build.0 = Debug|iPhoneSimulator
		{63E59409-8350-48E0-B121-4E57E5417018}.Release|Any CPU.ActiveCfg = Release|iPhoneSimulator
		{63E59409-8350-48E0-B121-4E57E5417018}.Release|Any CPU.Build.0 = Release|iPhoneSimulator
		{63E59409-8350-48E0-B121-4E57E5417018}.Debug|iPhoneSimulator.ActiveCfg = Debug|iPhoneSimulator
		{63E59409-8350-48E0-B121-4E57E5417018}.Debug|iPhoneSimulator.Build.0 = Debug|iPhoneSimulator
		{63E59409-8350-48E0-B121-4E57E5417018}.Release|iPhoneSimulator.ActiveCfg = Release|iPhoneSimulator
		{63E59409-8350-48E0-B121-4E57E5417018}.Release|iPhoneSimulator.Build.0 = Release|iPhoneSimulator
		{63E59409-8350-48E0-B121-4E57E5417018}.Debug|iPhone.ActiveCfg = Debug|iPhone
		{63E59409-8350-48E0-B121-4E57E5417018}.Debug|iPhone.Build.0 = Debug|iPhone
		{63E59409-8350-48E0-B121-4E57E5417018}.Release|iPhone.ActiveCfg = Release|iPhone
		{63E59409-8350-48E0-B121-4E57E5417018}.Release|iPhone.Build.0 = Release|iPhone
		{76FF8EDA-78A2-4016-9E1B-A27560F3F91B}.Debug|Any CPU.ActiveCfg = Debug|Any CPU
		{76FF8EDA-78A2-4016-9E1B-A27560F3F91B}.Debug|Any CPU.Build.0 = Debug|Any CPU
		{76FF8EDA-78A2-4016-9E1B-A27560F3F91B}.Release|Any CPU.ActiveCfg = Release|Any CPU
		{76FF8EDA-78A2-4016-9E1B-A27560F3F91B}.Release|Any CPU.Build.0 = Release|Any CPU
		{76FF8EDA-78A2-4016-9E1B-A27560F3F91B}.Debug|iPhoneSimulator.ActiveCfg = Debug|Any CPU
		{76FF8EDA-78A2-4016-9E1B-A27560F3F91B}.Debug|iPhoneSimulator.Build.0 = Debug|Any CPU
		{76FF8EDA-78A2-4016-9E1B-A27560F3F91B}.Release|iPhoneSimulator.ActiveCfg = Release|Any CPU
		{76FF8EDA-78A2-4016-9E1B-A27560F3F91B}.Release|iPhoneSimulator.Build.0 = Release|Any CPU
		{76FF8EDA-78A2-4016-9E1B-A27560F3F91B}.Debug|iPhone.ActiveCfg = Debug|Any CPU
		{76FF8EDA-78A2-4016-9E1B-A27560F3F91B}.Debug|iPhone.Build.0 = Debug|Any CPU
		{76FF8EDA-78A2-4016-9E1B-A27560F3F91B}.Release|iPhone.ActiveCfg = Release|Any CPU
		{76FF8EDA-78A2-4016-9E1B-A27560F3F91B}.Release|iPhone.Build.0 = Release|Any CPU
	EndGlobalSection
EndGlobal
